// !$*UTF8*$!
{
	archiveVersion = 1;
	classes = {
	};
	objectVersion = 55;
	objects = {

/* Begin PBXBuildFile section */
		5CB663E22AD74E7C00337425 /* TemEngTest.swift in Sources */ = {isa = PBXBuildFile; fileRef = 5CB663E12AD74E7C00337425 /* TemEngTest.swift */; };
		5CCAE2AF2AB1A0EA00B9CCAA /* EinzelTests.swift in Sources */ = {isa = PBXBuildFile; fileRef = 5CCAE2AE2AB1A0EA00B9CCAA /* EinzelTests.swift */; };
		5CCEDCC02AA8D06F00151079 /* TempEngiOSTestApp.swift in Sources */ = {isa = PBXBuildFile; fileRef = 5CCEDCBF2AA8D06F00151079 /* TempEngiOSTestApp.swift */; };
		5CCEDCC22AA8D06F00151079 /* ContentView.swift in Sources */ = {isa = PBXBuildFile; fileRef = 5CCEDCC12AA8D06F00151079 /* ContentView.swift */; };
		5CCEDCC42AA8D07100151079 /* Assets.xcassets in Resources */ = {isa = PBXBuildFile; fileRef = 5CCEDCC32AA8D07100151079 /* Assets.xcassets */; };
		5CCEDCC72AA8D07100151079 /* Preview Assets.xcassets in Resources */ = {isa = PBXBuildFile; fileRef = 5CCEDCC62AA8D07100151079 /* Preview Assets.xcassets */; };
		5CCEDCD12AA8D07200151079 /* TempEngiOSTestTests.swift in Sources */ = {isa = PBXBuildFile; fileRef = 5CCEDCD02AA8D07200151079 /* TempEngiOSTestTests.swift */; };
		5CCEDCDB2AA8D07200151079 /* TempEngiOSTestUITests.swift in Sources */ = {isa = PBXBuildFile; fileRef = 5CCEDCDA2AA8D07200151079 /* TempEngiOSTestUITests.swift */; };
		5CCEDCDD2AA8D07200151079 /* TempEngiOSTestUITestsLaunchTests.swift in Sources */ = {isa = PBXBuildFile; fileRef = 5CCEDCDC2AA8D07200151079 /* TempEngiOSTestUITestsLaunchTests.swift */; };
/* End PBXBuildFile section */

/* Begin PBXContainerItemProxy section */
		5CCEDCCD2AA8D07200151079 /* PBXContainerItemProxy */ = {
			isa = PBXContainerItemProxy;
			containerPortal = 5CCEDCB42AA8D06F00151079 /* Project object */;
			proxyType = 1;
			remoteGlobalIDString = 5CCEDCBB2AA8D06F00151079;
			remoteInfo = TempEngiOSTest;
		};
		5CCEDCD72AA8D07200151079 /* PBXContainerItemProxy */ = {
			isa = PBXContainerItemProxy;
			containerPortal = 5CCEDCB42AA8D06F00151079 /* Project object */;
			proxyType = 1;
			remoteGlobalIDString = 5CCEDCBB2AA8D06F00151079;
			remoteInfo = TempEngiOSTest;
		};
/* End PBXContainerItemProxy section */

/* Begin PBXFileReference section */
		5CB663E12AD74E7C00337425 /* TemEngTest.swift */ = {isa = PBXFileReference; lastKnownFileType = sourcecode.swift; path = TemEngTest.swift; sourceTree = "<group>"; };
		5CCAE2AE2AB1A0EA00B9CCAA /* EinzelTests.swift */ = {isa = PBXFileReference; lastKnownFileType = sourcecode.swift; path = EinzelTests.swift; sourceTree = "<group>"; };
		5CCEDCBC2AA8D06F00151079 /* TempEngiOSTest.app */ = {isa = PBXFileReference; explicitFileType = wrapper.application; includeInIndex = 0; path = TempEngiOSTest.app; sourceTree = BUILT_PRODUCTS_DIR; };
		5CCEDCBF2AA8D06F00151079 /* TempEngiOSTestApp.swift */ = {isa = PBXFileReference; lastKnownFileType = sourcecode.swift; path = TempEngiOSTestApp.swift; sourceTree = "<group>"; };
		5CCEDCC12AA8D06F00151079 /* ContentView.swift */ = {isa = PBXFileReference; lastKnownFileType = sourcecode.swift; path = ContentView.swift; sourceTree = "<group>"; };
		5CCEDCC32AA8D07100151079 /* Assets.xcassets */ = {isa = PBXFileReference; lastKnownFileType = folder.assetcatalog; path = Assets.xcassets; sourceTree = "<group>"; };
		5CCEDCC62AA8D07100151079 /* Preview Assets.xcassets */ = {isa = PBXFileReference; lastKnownFileType = folder.assetcatalog; path = "Preview Assets.xcassets"; sourceTree = "<group>"; };
		5CCEDCCC2AA8D07200151079 /* TempEngiOSTestTests.xctest */ = {isa = PBXFileReference; explicitFileType = wrapper.cfbundle; includeInIndex = 0; path = TempEngiOSTestTests.xctest; sourceTree = BUILT_PRODUCTS_DIR; };
		5CCEDCD02AA8D07200151079 /* TempEngiOSTestTests.swift */ = {isa = PBXFileReference; lastKnownFileType = sourcecode.swift; path = TempEngiOSTestTests.swift; sourceTree = "<group>"; };
		5CCEDCD62AA8D07200151079 /* TempEngiOSTestUITests.xctest */ = {isa = PBXFileReference; explicitFileType = wrapper.cfbundle; includeInIndex = 0; path = TempEngiOSTestUITests.xctest; sourceTree = BUILT_PRODUCTS_DIR; };
		5CCEDCDA2AA8D07200151079 /* TempEngiOSTestUITests.swift */ = {isa = PBXFileReference; lastKnownFileType = sourcecode.swift; path = TempEngiOSTestUITests.swift; sourceTree = "<group>"; };
		5CCEDCDC2AA8D07200151079 /* TempEngiOSTestUITestsLaunchTests.swift */ = {isa = PBXFileReference; lastKnownFileType = sourcecode.swift; path = TempEngiOSTestUITestsLaunchTests.swift; sourceTree = "<group>"; };
/* End PBXFileReference section */

/* Begin PBXFrameworksBuildPhase section */
		5CCEDCB92AA8D06F00151079 /* Frameworks */ = {
			isa = PBXFrameworksBuildPhase;
			buildActionMask = 2147483647;
			files = (
			);
			runOnlyForDeploymentPostprocessing = 0;
		};
		5CCEDCC92AA8D07200151079 /* Frameworks */ = {
			isa = PBXFrameworksBuildPhase;
			buildActionMask = 2147483647;
			files = (
			);
			runOnlyForDeploymentPostprocessing = 0;
		};
		5CCEDCD32AA8D07200151079 /* Frameworks */ = {
			isa = PBXFrameworksBuildPhase;
			buildActionMask = 2147483647;
			files = (
			);
			runOnlyForDeploymentPostprocessing = 0;
		};
/* End PBXFrameworksBuildPhase section */

/* Begin PBXGroup section */
		5CCEDCB32AA8D06F00151079 = {
			isa = PBXGroup;
			children = (
				5CCEDCBE2AA8D06F00151079 /* TempEngiOSTest */,
				5CCEDCCF2AA8D07200151079 /* TempEngiOSTestTests */,
				5CCEDCD92AA8D07200151079 /* TempEngiOSTestUITests */,
				5CCEDCBD2AA8D06F00151079 /* Products */,
			);
			sourceTree = "<group>";
		};
		5CCEDCBD2AA8D06F00151079 /* Products */ = {
			isa = PBXGroup;
			children = (
				5CCEDCBC2AA8D06F00151079 /* TempEngiOSTest.app */,
				5CCEDCCC2AA8D07200151079 /* TempEngiOSTestTests.xctest */,
				5CCEDCD62AA8D07200151079 /* TempEngiOSTestUITests.xctest */,
			);
			name = Products;
			sourceTree = "<group>";
		};
		5CCEDCBE2AA8D06F00151079 /* TempEngiOSTest */ = {
			isa = PBXGroup;
			children = (
				5CCEDCBF2AA8D06F00151079 /* TempEngiOSTestApp.swift */,
				5CCEDCC12AA8D06F00151079 /* ContentView.swift */,
				5CCAE2AE2AB1A0EA00B9CCAA /* EinzelTests.swift */,
				5CB663E12AD74E7C00337425 /* TemEngTest.swift */,
				5CCEDCC32AA8D07100151079 /* Assets.xcassets */,
				5CCEDCC52AA8D07100151079 /* Preview Content */,
			);
			path = TempEngiOSTest;
			sourceTree = "<group>";
		};
		5CCEDCC52AA8D07100151079 /* Preview Content */ = {
			isa = PBXGroup;
			children = (
				5CCEDCC62AA8D07100151079 /* Preview Assets.xcassets */,
			);
			path = "Preview Content";
			sourceTree = "<group>";
		};
		5CCEDCCF2AA8D07200151079 /* TempEngiOSTestTests */ = {
			isa = PBXGroup;
			children = (
				5CCEDCD02AA8D07200151079 /* TempEngiOSTestTests.swift */,
			);
			path = TempEngiOSTestTests;
			sourceTree = "<group>";
		};
		5CCEDCD92AA8D07200151079 /* TempEngiOSTestUITests */ = {
			isa = PBXGroup;
			children = (
				5CCEDCDA2AA8D07200151079 /* TempEngiOSTestUITests.swift */,
				5CCEDCDC2AA8D07200151079 /* TempEngiOSTestUITestsLaunchTests.swift */,
			);
			path = TempEngiOSTestUITests;
			sourceTree = "<group>";
		};
/* End PBXGroup section */

/* Begin PBXNativeTarget section */
		5CCEDCBB2AA8D06F00151079 /* TempEngiOSTest */ = {
			isa = PBXNativeTarget;
			buildConfigurationList = 5CCEDCE02AA8D07200151079 /* Build configuration list for PBXNativeTarget "TempEngiOSTest" */;
			buildPhases = (
				5CCEDCB82AA8D06F00151079 /* Sources */,
				5CCEDCB92AA8D06F00151079 /* Frameworks */,
				5CCEDCBA2AA8D06F00151079 /* Resources */,
			);
			buildRules = (
			);
			dependencies = (
			);
			name = TempEngiOSTest;
			productName = TempEngiOSTest;
			productReference = 5CCEDCBC2AA8D06F00151079 /* TempEngiOSTest.app */;
			productType = "com.apple.product-type.application";
		};
		5CCEDCCB2AA8D07200151079 /* TempEngiOSTestTests */ = {
			isa = PBXNativeTarget;
			buildConfigurationList = 5CCEDCE32AA8D07200151079 /* Build configuration list for PBXNativeTarget "TempEngiOSTestTests" */;
			buildPhases = (
				5CCEDCC82AA8D07200151079 /* Sources */,
				5CCEDCC92AA8D07200151079 /* Frameworks */,
				5CCEDCCA2AA8D07200151079 /* Resources */,
			);
			buildRules = (
			);
			dependencies = (
				5CCEDCCE2AA8D07200151079 /* PBXTargetDependency */,
			);
			name = TempEngiOSTestTests;
			productName = TempEngiOSTestTests;
			productReference = 5CCEDCCC2AA8D07200151079 /* TempEngiOSTestTests.xctest */;
			productType = "com.apple.product-type.bundle.unit-test";
		};
		5CCEDCD52AA8D07200151079 /* TempEngiOSTestUITests */ = {
			isa = PBXNativeTarget;
			buildConfigurationList = 5CCEDCE62AA8D07200151079 /* Build configuration list for PBXNativeTarget "TempEngiOSTestUITests" */;
			buildPhases = (
				5CCEDCD22AA8D07200151079 /* Sources */,
				5CCEDCD32AA8D07200151079 /* Frameworks */,
				5CCEDCD42AA8D07200151079 /* Resources */,
			);
			buildRules = (
			);
			dependencies = (
				5CCEDCD82AA8D07200151079 /* PBXTargetDependency */,
			);
			name = TempEngiOSTestUITests;
			productName = TempEngiOSTestUITests;
			productReference = 5CCEDCD62AA8D07200151079 /* TempEngiOSTestUITests.xctest */;
			productType = "com.apple.product-type.bundle.ui-testing";
		};
/* End PBXNativeTarget section */

/* Begin PBXProject section */
		5CCEDCB42AA8D06F00151079 /* Project object */ = {
			isa = PBXProject;
			attributes = {
				BuildIndependentTargetsInParallel = 1;
				LastSwiftUpdateCheck = 1340;
				LastUpgradeCheck = 1340;
				TargetAttributes = {
					5CCEDCBB2AA8D06F00151079 = {
						CreatedOnToolsVersion = 13.4.1;
					};
					5CCEDCCB2AA8D07200151079 = {
						CreatedOnToolsVersion = 13.4.1;
						TestTargetID = 5CCEDCBB2AA8D06F00151079;
					};
					5CCEDCD52AA8D07200151079 = {
						CreatedOnToolsVersion = 13.4.1;
						TestTargetID = 5CCEDCBB2AA8D06F00151079;
					};
				};
			};
			buildConfigurationList = 5CCEDCB72AA8D06F00151079 /* Build configuration list for PBXProject "TempEngiOSTest" */;
			compatibilityVersion = "Xcode 13.0";
			developmentRegion = en;
			hasScannedForEncodings = 0;
			knownRegions = (
				en,
				Base,
			);
			mainGroup = 5CCEDCB32AA8D06F00151079;
			productRefGroup = 5CCEDCBD2AA8D06F00151079 /* Products */;
			projectDirPath = "";
			projectRoot = "";
			targets = (
				5CCEDCBB2AA8D06F00151079 /* TempEngiOSTest */,
				5CCEDCCB2AA8D07200151079 /* TempEngiOSTestTests */,
				5CCEDCD52AA8D07200151079 /* TempEngiOSTestUITests */,
			);
		};
/* End PBXProject section */

/* Begin PBXResourcesBuildPhase section */
		5CCEDCBA2AA8D06F00151079 /* Resources */ = {
			isa = PBXResourcesBuildPhase;
			buildActionMask = 2147483647;
			files = (
				5CCEDCC72AA8D07100151079 /* Preview Assets.xcassets in Resources */,
				5CCEDCC42AA8D07100151079 /* Assets.xcassets in Resources */,
			);
			runOnlyForDeploymentPostprocessing = 0;
		};
		5CCEDCCA2AA8D07200151079 /* Resources */ = {
			isa = PBXResourcesBuildPhase;
			buildActionMask = 2147483647;
			files = (
			);
			runOnlyForDeploymentPostprocessing = 0;
		};
		5CCEDCD42AA8D07200151079 /* Resources */ = {
			isa = PBXResourcesBuildPhase;
			buildActionMask = 2147483647;
			files = (
			);
			runOnlyForDeploymentPostprocessing = 0;
		};
/* End PBXResourcesBuildPhase section */

/* Begin PBXSourcesBuildPhase section */
		5CCEDCB82AA8D06F00151079 /* Sources */ = {
			isa = PBXSourcesBuildPhase;
			buildActionMask = 2147483647;
			files = (
				5CCEDCC22AA8D06F00151079 /* ContentView.swift in Sources */,
				5CCEDCC02AA8D06F00151079 /* TempEngiOSTestApp.swift in Sources */,
				5CB663E22AD74E7C00337425 /* TemEngTest.swift in Sources */,
				5CCAE2AF2AB1A0EA00B9CCAA /* EinzelTests.swift in Sources */,
			);
			runOnlyForDeploymentPostprocessing = 0;
		};
		5CCEDCC82AA8D07200151079 /* Sources */ = {
			isa = PBXSourcesBuildPhase;
			buildActionMask = 2147483647;
			files = (
				5CCEDCD12AA8D07200151079 /* TempEngiOSTestTests.swift in Sources */,
			);
			runOnlyForDeploymentPostprocessing = 0;
		};
		5CCEDCD22AA8D07200151079 /* Sources */ = {
			isa = PBXSourcesBuildPhase;
			buildActionMask = 2147483647;
			files = (
				5CCEDCDB2AA8D07200151079 /* TempEngiOSTestUITests.swift in Sources */,
				5CCEDCDD2AA8D07200151079 /* TempEngiOSTestUITestsLaunchTests.swift in Sources */,
			);
			runOnlyForDeploymentPostprocessing = 0;
		};
/* End PBXSourcesBuildPhase section */

/* Begin PBXTargetDependency section */
		5CCEDCCE2AA8D07200151079 /* PBXTargetDependency */ = {
			isa = PBXTargetDependency;
			target = 5CCEDCBB2AA8D06F00151079 /* TempEngiOSTest */;
			targetProxy = 5CCEDCCD2AA8D07200151079 /* PBXContainerItemProxy */;
		};
		5CCEDCD82AA8D07200151079 /* PBXTargetDependency */ = {
			isa = PBXTargetDependency;
			target = 5CCEDCBB2AA8D06F00151079 /* TempEngiOSTest */;
			targetProxy = 5CCEDCD72AA8D07200151079 /* PBXContainerItemProxy */;
		};
/* End PBXTargetDependency section */

/* Begin XCBuildConfiguration section */
		5CCEDCDE2AA8D07200151079 /* Debug */ = {
			isa = XCBuildConfiguration;
			buildSettings = {
				ALWAYS_SEARCH_USER_PATHS = NO;
				CLANG_ANALYZER_NONNULL = YES;
				CLANG_ANALYZER_NUMBER_OBJECT_CONVERSION = YES_AGGRESSIVE;
				CLANG_CXX_LANGUAGE_STANDARD = "gnu++17";
				CLANG_ENABLE_MODULES = YES;
				CLANG_ENABLE_OBJC_ARC = YES;
				CLANG_ENABLE_OBJC_WEAK = YES;
				CLANG_WARN_BLOCK_CAPTURE_AUTORELEASING = YES;
				CLANG_WARN_BOOL_CONVERSION = YES;
				CLANG_WARN_COMMA = YES;
				CLANG_WARN_CONSTANT_CONVERSION = YES;
				CLANG_WARN_DEPRECATED_OBJC_IMPLEMENTATIONS = YES;
				CLANG_WARN_DIRECT_OBJC_ISA_USAGE = YES_ERROR;
				CLANG_WARN_DOCUMENTATION_COMMENTS = YES;
				CLANG_WARN_EMPTY_BODY = YES;
				CLANG_WARN_ENUM_CONVERSION = YES;
				CLANG_WARN_INFINITE_RECURSION = YES;
				CLANG_WARN_INT_CONVERSION = YES;
				CLANG_WARN_NON_LITERAL_NULL_CONVERSION = YES;
				CLANG_WARN_OBJC_IMPLICIT_RETAIN_SELF = YES;
				CLANG_WARN_OBJC_LITERAL_CONVERSION = YES;
				CLANG_WARN_OBJC_ROOT_CLASS = YES_ERROR;
				CLANG_WARN_QUOTED_INCLUDE_IN_FRAMEWORK_HEADER = YES;
				CLANG_WARN_RANGE_LOOP_ANALYSIS = YES;
				CLANG_WARN_STRICT_PROTOTYPES = YES;
				CLANG_WARN_SUSPICIOUS_MOVE = YES;
				CLANG_WARN_UNGUARDED_AVAILABILITY = YES_AGGRESSIVE;
				CLANG_WARN_UNREACHABLE_CODE = YES;
				CLANG_WARN__DUPLICATE_METHOD_MATCH = YES;
				COPY_PHASE_STRIP = NO;
				DEBUG_INFORMATION_FORMAT = dwarf;
				ENABLE_STRICT_OBJC_MSGSEND = YES;
				ENABLE_TESTABILITY = YES;
				GCC_C_LANGUAGE_STANDARD = gnu11;
				GCC_DYNAMIC_NO_PIC = NO;
				GCC_NO_COMMON_BLOCKS = YES;
				GCC_OPTIMIZATION_LEVEL = 0;
				GCC_PREPROCESSOR_DEFINITIONS = (
					"DEBUG=1",
					"$(inherited)",
				);
				GCC_WARN_64_TO_32_BIT_CONVERSION = YES;
				GCC_WARN_ABOUT_RETURN_TYPE = YES_ERROR;
				GCC_WARN_UNDECLARED_SELECTOR = YES;
				GCC_WARN_UNINITIALIZED_AUTOS = YES_AGGRESSIVE;
				GCC_WARN_UNUSED_FUNCTION = YES;
				GCC_WARN_UNUSED_VARIABLE = YES;
				IPHONEOS_DEPLOYMENT_TARGET = 15.5;
				MTL_ENABLE_DEBUG_INFO = INCLUDE_SOURCE;
				MTL_FAST_MATH = YES;
				ONLY_ACTIVE_ARCH = YES;
				SDKROOT = iphoneos;
				SWIFT_ACTIVE_COMPILATION_CONDITIONS = DEBUG;
				SWIFT_OPTIMIZATION_LEVEL = "-Onone";
			};
			name = Debug;
		};
		5CCEDCDF2AA8D07200151079 /* Release */ = {
			isa = XCBuildConfiguration;
			buildSettings = {
				ALWAYS_SEARCH_USER_PATHS = NO;
				CLANG_ANALYZER_NONNULL = YES;
				CLANG_ANALYZER_NUMBER_OBJECT_CONVERSION = YES_AGGRESSIVE;
				CLANG_CXX_LANGUAGE_STANDARD = "gnu++17";
				CLANG_ENABLE_MODULES = YES;
				CLANG_ENABLE_OBJC_ARC = YES;
				CLANG_ENABLE_OBJC_WEAK = YES;
				CLANG_WARN_BLOCK_CAPTURE_AUTORELEASING = YES;
				CLANG_WARN_BOOL_CONVERSION = YES;
				CLANG_WARN_COMMA = YES;
				CLANG_WARN_CONSTANT_CONVERSION = YES;
				CLANG_WARN_DEPRECATED_OBJC_IMPLEMENTATIONS = YES;
				CLANG_WARN_DIRECT_OBJC_ISA_USAGE = YES_ERROR;
				CLANG_WARN_DOCUMENTATION_COMMENTS = YES;
				CLANG_WARN_EMPTY_BODY = YES;
				CLANG_WARN_ENUM_CONVERSION = YES;
				CLANG_WARN_INFINITE_RECURSION = YES;
				CLANG_WARN_INT_CONVERSION = YES;
				CLANG_WARN_NON_LITERAL_NULL_CONVERSION = YES;
				CLANG_WARN_OBJC_IMPLICIT_RETAIN_SELF = YES;
				CLANG_WARN_OBJC_LITERAL_CONVERSION = YES;
				CLANG_WARN_OBJC_ROOT_CLASS = YES_ERROR;
				CLANG_WARN_QUOTED_INCLUDE_IN_FRAMEWORK_HEADER = YES;
				CLANG_WARN_RANGE_LOOP_ANALYSIS = YES;
				CLANG_WARN_STRICT_PROTOTYPES = YES;
				CLANG_WARN_SUSPICIOUS_MOVE = YES;
				CLANG_WARN_UNGUARDED_AVAILABILITY = YES_AGGRESSIVE;
				CLANG_WARN_UNREACHABLE_CODE = YES;
				CLANG_WARN__DUPLICATE_METHOD_MATCH = YES;
				COPY_PHASE_STRIP = NO;
				DEBUG_INFORMATION_FORMAT = "dwarf-with-dsym";
				ENABLE_NS_ASSERTIONS = NO;
				ENABLE_STRICT_OBJC_MSGSEND = YES;
				GCC_C_LANGUAGE_STANDARD = gnu11;
				GCC_NO_COMMON_BLOCKS = YES;
				GCC_WARN_64_TO_32_BIT_CONVERSION = YES;
				GCC_WARN_ABOUT_RETURN_TYPE = YES_ERROR;
				GCC_WARN_UNDECLARED_SELECTOR = YES;
				GCC_WARN_UNINITIALIZED_AUTOS = YES_AGGRESSIVE;
				GCC_WARN_UNUSED_FUNCTION = YES;
				GCC_WARN_UNUSED_VARIABLE = YES;
				IPHONEOS_DEPLOYMENT_TARGET = 15.5;
				MTL_ENABLE_DEBUG_INFO = NO;
				MTL_FAST_MATH = YES;
				SDKROOT = iphoneos;
				SWIFT_COMPILATION_MODE = wholemodule;
				SWIFT_OPTIMIZATION_LEVEL = "-O";
				VALIDATE_PRODUCT = YES;
			};
			name = Release;
		};
		5CCEDCE12AA8D07200151079 /* Debug */ = {
			isa = XCBuildConfiguration;
			buildSettings = {
				ASSETCATALOG_COMPILER_APPICON_NAME = AppIcon;
				ASSETCATALOG_COMPILER_GLOBAL_ACCENT_COLOR_NAME = AccentColor;
				CODE_SIGN_STYLE = Automatic;
				CURRENT_PROJECT_VERSION = 1;
				DEVELOPMENT_ASSET_PATHS = "\"TempEngiOSTest/Preview Content\"";
				DEVELOPMENT_TEAM = 4FHT3ABKDG;
				ENABLE_PREVIEWS = YES;
				GENERATE_INFOPLIST_FILE = YES;
				INFOPLIST_KEY_UIApplicationSceneManifest_Generation = YES;
				INFOPLIST_KEY_UIApplicationSupportsIndirectInputEvents = YES;
				INFOPLIST_KEY_UILaunchScreen_Generation = YES;
				INFOPLIST_KEY_UISupportedInterfaceOrientations_iPad = "UIInterfaceOrientationPortrait UIInterfaceOrientationPortraitUpsideDown UIInterfaceOrientationLandscapeLeft UIInterfaceOrientationLandscapeRight";
				INFOPLIST_KEY_UISupportedInterfaceOrientations_iPhone = "UIInterfaceOrientationPortrait UIInterfaceOrientationLandscapeLeft UIInterfaceOrientationLandscapeRight";
				IPHONEOS_DEPLOYMENT_TARGET = 16.0;
				LD_RUNPATH_SEARCH_PATHS = (
					"$(inherited)",
					"@executable_path/Frameworks",
				);
				MARKETING_VERSION = 1.0;
				PRODUCT_BUNDLE_IDENTIFIER = Test.TempEngiOSTest;
				PRODUCT_NAME = "$(TARGET_NAME)";
				SWIFT_EMIT_LOC_STRINGS = YES;
				SWIFT_VERSION = 5.0;
				TARGETED_DEVICE_FAMILY = "1,2";
			};
			name = Debug;
		};
		5CCEDCE22AA8D07200151079 /* Release */ = {
			isa = XCBuildConfiguration;
			buildSettings = {
				ASSETCATALOG_COMPILER_APPICON_NAME = AppIcon;
				ASSETCATALOG_COMPILER_GLOBAL_ACCENT_COLOR_NAME = AccentColor;
				CODE_SIGN_STYLE = Automatic;
				CURRENT_PROJECT_VERSION = 1;
				DEVELOPMENT_ASSET_PATHS = "\"TempEngiOSTest/Preview Content\"";
				DEVELOPMENT_TEAM = 4FHT3ABKDG;
				ENABLE_PREVIEWS = YES;
				GENERATE_INFOPLIST_FILE = YES;
				INFOPLIST_KEY_UIApplicationSceneManifest_Generation = YES;
				INFOPLIST_KEY_UIApplicationSupportsIndirectInputEvents = YES;
				INFOPLIST_KEY_UILaunchScreen_Generation = YES;
				INFOPLIST_KEY_UISupportedInterfaceOrientations_iPad = "UIInterfaceOrientationPortrait UIInterfaceOrientationPortraitUpsideDown UIInterfaceOrientationLandscapeLeft UIInterfaceOrientationLandscapeRight";
				INFOPLIST_KEY_UISupportedInterfaceOrientations_iPhone = "UIInterfaceOrientationPortrait UIInterfaceOrientationLandscapeLeft UIInterfaceOrientationLandscapeRight";
				IPHONEOS_DEPLOYMENT_TARGET = 16.0;
				LD_RUNPATH_SEARCH_PATHS = (
					"$(inherited)",
					"@executable_path/Frameworks",
				);
				MARKETING_VERSION = 1.0;
				PRODUCT_BUNDLE_IDENTIFIER = Test.TempEngiOSTest;
				PRODUCT_NAME = "$(TARGET_NAME)";
				SWIFT_EMIT_LOC_STRINGS = YES;
				SWIFT_VERSION = 5.0;
				TARGETED_DEVICE_FAMILY = "1,2";
			};
			name = Release;
		};
		5CCEDCE42AA8D07200151079 /* Debug */ = {
			isa = XCBuildConfiguration;
			buildSettings = {
				ALWAYS_EMBED_SWIFT_STANDARD_LIBRARIES = YES;
				BUNDLE_LOADER = "$(TEST_HOST)";
				CODE_SIGN_STYLE = Automatic;
				CURRENT_PROJECT_VERSION = 1;
				DEVELOPMENT_TEAM = 4FHT3ABKDG;
				GENERATE_INFOPLIST_FILE = YES;
				IPHONEOS_DEPLOYMENT_TARGET = 15.5;
				MARKETING_VERSION = 1.0;
				PRODUCT_BUNDLE_IDENTIFIER = Test.TempEngiOSTestTests;
				PRODUCT_NAME = "$(TARGET_NAME)";
				SWIFT_EMIT_LOC_STRINGS = NO;
				SWIFT_VERSION = 5.0;
				TARGETED_DEVICE_FAMILY = "1,2";
				TEST_HOST = "$(BUILT_PRODUCTS_DIR)/TempEngiOSTest.app/TempEngiOSTest";
			};
			name = Debug;
		};
		5CCEDCE52AA8D07200151079 /* Release */ = {
			isa = XCBuildConfiguration;
			buildSettings = {
				ALWAYS_EMBED_SWIFT_STANDARD_LIBRARIES = YES;
				BUNDLE_LOADER = "$(TEST_HOST)";
				CODE_SIGN_STYLE = Automatic;
				CURRENT_PROJECT_VERSION = 1;
				DEVELOPMENT_TEAM = 4FHT3ABKDG;
				GENERATE_INFOPLIST_FILE = YES;
				IPHONEOS_DEPLOYMENT_TARGET = 15.5;
				MARKETING_VERSION = 1.0;
				PRODUCT_BUNDLE_IDENTIFIER = Test.TempEngiOSTestTests;
				PRODUCT_NAME = "$(TARGET_NAME)";
				SWIFT_EMIT_LOC_STRINGS = NO;
				SWIFT_VERSION = 5.0;
				TARGETED_DEVICE_FAMILY = "1,2";
				TEST_HOST = "$(BUILT_PRODUCTS_DIR)/TempEngiOSTest.app/TempEngiOSTest";
			};
			name = Release;
		};
		5CCEDCE72AA8D07200151079 /* Debug */ = {
			isa = XCBuildConfiguration;
			buildSettings = {
				ALWAYS_EMBED_SWIFT_STANDARD_LIBRARIES = YES;
				CODE_SIGN_STYLE = Automatic;
				CURRENT_PROJECT_VERSION = 1;
				DEVELOPMENT_TEAM = 4FHT3ABKDG;
				GENERATE_INFOPLIST_FILE = YES;
				MARKETING_VERSION = 1.0;
				PRODUCT_BUNDLE_IDENTIFIER = Test.TempEngiOSTestUITests;
				PRODUCT_NAME = "$(TARGET_NAME)";
				SWIFT_EMIT_LOC_STRINGS = NO;
				SWIFT_VERSION = 5.0;
				TARGETED_DEVICE_FAMILY = "1,2";
				TEST_TARGET_NAME = TempEngiOSTest;
			};
			name = Debug;
		};
		5CCEDCE82AA8D07200151079 /* Release */ = {
			isa = XCBuildConfiguration;
			buildSettings = {
				ALWAYS_EMBED_SWIFT_STANDARD_LIBRARIES = YES;
				CODE_SIGN_STYLE = Automatic;
				CURRENT_PROJECT_VERSION = 1;
				DEVELOPMENT_TEAM = 4FHT3ABKDG;
				GENERATE_INFOPLIST_FILE = YES;
				MARKETING_VERSION = 1.0;
				PRODUCT_BUNDLE_IDENTIFIER = Test.TempEngiOSTestUITests;
				PRODUCT_NAME = "$(TARGET_NAME)";
				SWIFT_EMIT_LOC_STRINGS = NO;
				SWIFT_VERSION = 5.0;
				TARGETED_DEVICE_FAMILY = "1,2";
				TEST_TARGET_NAME = TempEngiOSTest;
			};
			name = Release;
		};
/* End XCBuildConfiguration section */

/* Begin XCConfigurationList section */
		5CCEDCB72AA8D06F00151079 /* Build configuration list for PBXProject "TempEngiOSTest" */ = {
			isa = XCConfigurationList;
			buildConfigurations = (
				5CCEDCDE2AA8D07200151079 /* Debug */,
				5CCEDCDF2AA8D07200151079 /* Release */,
			);
			defaultConfigurationIsVisible = 0;
			defaultConfigurationName = Release;
		};
		5CCEDCE02AA8D07200151079 /* Build configuration list for PBXNativeTarget "TempEngiOSTest" */ = {
			isa = XCConfigurationList;
			buildConfigurations = (
				5CCEDCE12AA8D07200151079 /* Debug */,
				5CCEDCE22AA8D07200151079 /* Release */,
			);
			defaultConfigurationIsVisible = 0;
			defaultConfigurationName = Release;
		};
		5CCEDCE32AA8D07200151079 /* Build configuration list for PBXNativeTarget "TempEngiOSTestTests" */ = {
			isa = XCConfigurationList;
			buildConfigurations = (
				5CCEDCE42AA8D07200151079 /* Debug */,
				5CCEDCE52AA8D07200151079 /* Release */,
			);
			defaultConfigurationIsVisible = 0;
			defaultConfigurationName = Release;
		};
		5CCEDCE62AA8D07200151079 /* Build configuration list for PBXNativeTarget "TempEngiOSTestUITests" */ = {
			isa = XCConfigurationList;
			buildConfigurations = (
				5CCEDCE72AA8D07200151079 /* Debug */,
				5CCEDCE82AA8D07200151079 /* Release */,
			);
			defaultConfigurationIsVisible = 0;
			defaultConfigurationName = Release;
		};
/* End XCConfigurationList section */
	};
	rootObject = 5CCEDCB42AA8D06F00151079 /* Project object */;
}
